
Microsoft Visual Studio Solution File, Format Version 12.00
# Visual Studio Version 17
VisualStudioVersion = 17.13.35931.197 d17.13
MinimumVisualStudioVersion = 10.0.40219.1
Project("{FAE04EC0-301F-11D3-BF4B-00C04F79EFBC}") = "LolHubMexico.API", "lolhubmexico\LolHubMexico.API.csproj", "{FBF1E566-9E15-418F-AEF2-04B2BAC4126A}"
EndProject
Project("{FAE04EC0-301F-11D3-BF4B-00C04F79EFBC}") = "LolHubMexico.Application", "LolHubMexico.Application\LolHubMexico.Application.csproj", "{0E726ABA-AEDA-45BB-B2C0-DB18B6CAB36B}"
EndProject
Project("{FAE04EC0-301F-11D3-BF4B-00C04F79EFBC}") = "LolHubMexico.Domain", "LolHubMexico.Domain\LolHubMexico.Domain.csproj", "{56632766-806B-4D1C-B15C-F9D1D7FAD6DC}"
EndProject
Project("{FAE04EC0-301F-11D3-BF4B-00C04F79EFBC}") = "LolHubMexico.Infrastructure", "LolHubMexico.Infrastructure\LolHubMexico.Infrastructure.csproj", "{DF33CD0A-E1CF-42A2-829F-6F5FBD51A4A3}"
EndProject
Global
	GlobalSection(SolutionConfigurationPlatforms) = preSolution
		Debug|Any CPU = Debug|Any CPU
		Release|Any CPU = Release|Any CPU
	EndGlobalSection
	GlobalSection(ProjectConfigurationPlatforms) = postSolution
		{FBF1E566-9E15-418F-AEF2-04B2BAC4126A}.Debug|Any CPU.ActiveCfg = Debug|Any CPU
		{FBF1E566-9E15-418F-AEF2-04B2BAC4126A}.Debug|Any CPU.Build.0 = Debug|Any CPU
		{FBF1E566-9E15-418F-AEF2-04B2BAC4126A}.Release|Any CPU.ActiveCfg = Release|Any CPU
		{FBF1E566-9E15-418F-AEF2-04B2BAC4126A}.Release|Any CPU.Build.0 = Release|Any CPU
		{0E726ABA-AEDA-45BB-B2C0-DB18B6CAB36B}.Debug|Any CPU.ActiveCfg = Debug|Any CPU
		{0E726ABA-AEDA-45BB-B2C0-DB18B6CAB36B}.Debug|Any CPU.Build.0 = Debug|Any CPU
		{0E726ABA-AEDA-45BB-B2C0-DB18B6CAB36B}.Release|Any CPU.ActiveCfg = Release|Any CPU
		{0E726ABA-AEDA-45BB-B2C0-DB18B6CAB36B}.Release|Any CPU.Build.0 = Release|Any CPU
		{56632766-806B-4D1C-B15C-F9D1D7FAD6DC}.Debug|Any CPU.ActiveCfg = Debug|Any CPU
		{56632766-806B-4D1C-B15C-F9D1D7FAD6DC}.Debug|Any CPU.Build.0 = Debug|Any CPU
		{56632766-806B-4D1C-B15C-F9D1D7FAD6DC}.Release|Any CPU.ActiveCfg = Release|Any CPU
		{56632766-806B-4D1C-B15C-F9D1D7FAD6DC}.Release|Any CPU.Build.0 = Release|Any CPU
		{DF33CD0A-E1CF-42A2-829F-6F5FBD51A4A3}.Debug|Any CPU.ActiveCfg = Debug|Any CPU
		{DF33CD0A-E1CF-42A2-829F-6F5FBD51A4A3}.Debug|Any CPU.Build.0 = Debug|Any CPU
		{DF33CD0A-E1CF-42A2-829F-6F5FBD51A4A3}.Release|Any CPU.ActiveCfg = Release|Any CPU
		{DF33CD0A-E1CF-42A2-829F-6F5FBD51A4A3}.Release|Any CPU.Build.0 = Release|Any CPU
	EndGlobalSection
	GlobalSection(SolutionProperties) = preSolution
		HideSolutionNode = FALSE
	EndGlobalSection
	GlobalSection(ExtensibilityGlobals) = postSolution
		SolutionGuid = {EE6445C2-ACA3-4756-BA50-30CECC93F149}
	EndGlobalSection
EndGlobal
